
Microsoft Visual Studio Solution File, Format Version 12.00
# Visual Studio 14
VisualStudioVersion = 14.0.24720.0
MinimumVisualStudioVersion = 10.0.40219.1
Project("{FAE04EC0-301F-11D3-BF4B-00C04F79EFBC}") = "Interface", "Interface\Interface.csproj", "{720019DD-E250-45A4-A5FB-71747D865206}"
EndProject
Project("{FAE04EC0-301F-11D3-BF4B-00C04F79EFBC}") = "ClassLibrary1", "ClassLibrary1\ClassLibrary1.csproj", "{429014B3-2ABB-4DC5-980B-80BFE0C15CBD}"
EndProject
Project("{FAE04EC0-301F-11D3-BF4B-00C04F79EFBC}") = "Konyv", "Konyv\Konyv.csproj", "{39470685-17B3-4FF6-A824-BCD8206FF6CD}"
EndProject
Project("{FAE04EC0-301F-11D3-BF4B-00C04F79EFBC}") = "Koonyv", "Koonyv\Koonyv.csproj", "{7594B144-4397-4166-8AC8-BEA03CD39EC0}"
EndProject
Project("{FAE04EC0-301F-11D3-BF4B-00C04F79EFBC}") = "Dvd", "Dvd\Dvd.csproj", "{D115DA7B-CB6F-4480-92C3-733418981236}"
EndProject
Project("{FAE04EC0-301F-11D3-BF4B-00C04F79EFBC}") = "Ujsag", "Ujsag\Ujsag.csproj", "{6582FC3E-AE97-45B3-A9A6-B183B8CF47AB}"
EndProject
Global
	GlobalSection(SolutionConfigurationPlatforms) = preSolution
		Debug|Any CPU = Debug|Any CPU
		Release|Any CPU = Release|Any CPU
	EndGlobalSection
	GlobalSection(ProjectConfigurationPlatforms) = postSolution
		{720019DD-E250-45A4-A5FB-71747D865206}.Debug|Any CPU.ActiveCfg = Debug|Any CPU
		{720019DD-E250-45A4-A5FB-71747D865206}.Debug|Any CPU.Build.0 = Debug|Any CPU
		{720019DD-E250-45A4-A5FB-71747D865206}.Release|Any CPU.ActiveCfg = Release|Any CPU
		{720019DD-E250-45A4-A5FB-71747D865206}.Release|Any CPU.Build.0 = Release|Any CPU
		{429014B3-2ABB-4DC5-980B-80BFE0C15CBD}.Debug|Any CPU.ActiveCfg = Debug|Any CPU
		{429014B3-2ABB-4DC5-980B-80BFE0C15CBD}.Debug|Any CPU.Build.0 = Debug|Any CPU
		{429014B3-2ABB-4DC5-980B-80BFE0C15CBD}.Release|Any CPU.ActiveCfg = Release|Any CPU
		{429014B3-2ABB-4DC5-980B-80BFE0C15CBD}.Release|Any CPU.Build.0 = Release|Any CPU
		{39470685-17B3-4FF6-A824-BCD8206FF6CD}.Debug|Any CPU.ActiveCfg = Debug|Any CPU
		{39470685-17B3-4FF6-A824-BCD8206FF6CD}.Debug|Any CPU.Build.0 = Debug|Any CPU
		{39470685-17B3-4FF6-A824-BCD8206FF6CD}.Release|Any CPU.ActiveCfg = Release|Any CPU
		{39470685-17B3-4FF6-A824-BCD8206FF6CD}.Release|Any CPU.Build.0 = Release|Any CPU
		{7594B144-4397-4166-8AC8-BEA03CD39EC0}.Debug|Any CPU.ActiveCfg = Debug|Any CPU
		{7594B144-4397-4166-8AC8-BEA03CD39EC0}.Debug|Any CPU.Build.0 = Debug|Any CPU
		{7594B144-4397-4166-8AC8-BEA03CD39EC0}.Release|Any CPU.ActiveCfg = Release|Any CPU
		{7594B144-4397-4166-8AC8-BEA03CD39EC0}.Release|Any CPU.Build.0 = Release|Any CPU
		{D115DA7B-CB6F-4480-92C3-733418981236}.Debug|Any CPU.ActiveCfg = Debug|Any CPU
		{D115DA7B-CB6F-4480-92C3-733418981236}.Debug|Any CPU.Build.0 = Debug|Any CPU
		{D115DA7B-CB6F-4480-92C3-733418981236}.Release|Any CPU.ActiveCfg = Release|Any CPU
		{D115DA7B-CB6F-4480-92C3-733418981236}.Release|Any CPU.Build.0 = Release|Any CPU
		{6582FC3E-AE97-45B3-A9A6-B183B8CF47AB}.Debug|Any CPU.ActiveCfg = Debug|Any CPU
		{6582FC3E-AE97-45B3-A9A6-B183B8CF47AB}.Debug|Any CPU.Build.0 = Debug|Any CPU
		{6582FC3E-AE97-45B3-A9A6-B183B8CF47AB}.Release|Any CPU.ActiveCfg = Release|Any CPU
		{6582FC3E-AE97-45B3-A9A6-B183B8CF47AB}.Release|Any CPU.Build.0 = Release|Any CPU
	EndGlobalSection
	GlobalSection(SolutionProperties) = preSolution
		HideSolutionNode = FALSE
	EndGlobalSection
EndGlobal
